
Microsoft Visual Studio Solution File, Format Version 12.00
# Visual Studio Version 17
VisualStudioVersion = 17.13.35818.85 d17.13
MinimumVisualStudioVersion = 10.0.40219.1
Project("{FAE04EC0-301F-11D3-BF4B-00C04F79EFBC}") = "SimpleConsole", "SimpleConsole\SimpleConsole.csproj", "{C870B30B-9AE0-4D08-9ED6-D57F7FB8FA6F}"
EndProject
Global
	GlobalSection(SolutionConfigurationPlatforms) = preSolution
		Debug|Any CPU = Debug|Any CPU
		Release|Any CPU = Release|Any CPU
	EndGlobalSection
	GlobalSection(ProjectConfigurationPlatforms) = postSolution
		{C870B30B-9AE0-4D08-9ED6-D57F7FB8FA6F}.Debug|Any CPU.ActiveCfg = Debug|Any CPU
		{C870B30B-9AE0-4D08-9ED6-D57F7FB8FA6F}.Debug|Any CPU.Build.0 = Debug|Any CPU
		{C870B30B-9AE0-4D08-9ED6-D57F7FB8FA6F}.Release|Any CPU.ActiveCfg = Release|Any CPU
		{C870B30B-9AE0-4D08-9ED6-D57F7FB8FA6F}.Release|Any CPU.Build.0 = Release|Any CPU
	EndGlobalSection
	GlobalSection(SolutionProperties) = preSolution
		HideSolutionNode = FALSE
	EndGlobalSection
	GlobalSection(ExtensibilityGlobals) = postSolution
		SolutionGuid = {F27D9A45-4436-44BA-9FC8-B05A1EE7F7EB}
	EndGlobalSection
EndGlobal
